
Microsoft Visual Studio Solution File, Format Version 12.00
# Visual Studio 15
VisualStudioVersion = 15.0.28307.1401
MinimumVisualStudioVersion = 10.0.40219.1
Project("{FAE04EC0-301F-11D3-BF4B-00C04F79EFBC}") = "Food_Order_System", "Food_Order_System\Food_Order_System.csproj", "{97137150-BE60-413C-9820-F14B4414C607}"
EndProject
Global
	GlobalSection(SolutionConfigurationPlatforms) = preSolution
		Debug|Any CPU = Debug|Any CPU
		Release|Any CPU = Release|Any CPU
	EndGlobalSection
	GlobalSection(ProjectConfigurationPlatforms) = postSolution
		{97137150-BE60-413C-9820-F14B4414C607}.Debug|Any CPU.ActiveCfg = Debug|Any CPU
		{97137150-BE60-413C-9820-F14B4414C607}.Debug|Any CPU.Build.0 = Debug|Any CPU
		{97137150-BE60-413C-9820-F14B4414C607}.Release|Any CPU.ActiveCfg = Release|Any CPU
		{97137150-BE60-413C-9820-F14B4414C607}.Release|Any CPU.Build.0 = Release|Any CPU
	EndGlobalSection
	GlobalSection(SolutionProperties) = preSolution
		HideSolutionNode = FALSE
	EndGlobalSection
	GlobalSection(ExtensibilityGlobals) = postSolution
		SolutionGuid = {FE8E10B4-E358-400C-8233-A1EBFF165F99}
	EndGlobalSection
EndGlobal
